
Microsoft Visual Studio Solution File, Format Version 12.00
# Visual Studio Version 16
VisualStudioVersion = 16.0.28922.388
MinimumVisualStudioVersion = 10.0.40219.1
Project("{FAE04EC0-301F-11D3-BF4B-00C04F79EFBC}") = "_01_初识WinForm", "_01_初识WinForm\_01_初识WinForm.csproj", "{C3300582-1F46-48A7-8910-1CF79BE398A7}"
EndProject
Project("{FAE04EC0-301F-11D3-BF4B-00C04F79EFBC}") = "_02_部分类", "_02_部分类\_02_部分类.csproj", "{27AA7A08-E376-49B3-9DD4-1EA3F5246395}"
EndProject
Project("{FAE04EC0-301F-11D3-BF4B-00C04F79EFBC}") = "_03_窗体", "_03_窗体\_03_窗体.csproj", "{841C6479-CFE3-491F-A566-F0A3A7A00879}"
EndProject
Project("{FAE04EC0-301F-11D3-BF4B-00C04F79EFBC}") = "_04_MDI窗体", "_04_MDI窗体\_04_MDI窗体.csproj", "{44040A32-10BF-4C24-99CD-FFD090A6E427}"
EndProject
Project("{FAE04EC0-301F-11D3-BF4B-00C04F79EFBC}") = "_05_事件", "_05_事件\_05_事件.csproj", "{F83CF5A7-C347-4A50-BD5F-A2854A2CDAB9}"
EndProject
Project("{FAE04EC0-301F-11D3-BF4B-00C04F79EFBC}") = "_06_TextBox", "_06_TextBox\_06_TextBox.csproj", "{2D3FEEF7-069E-4B50-A3F2-463129EF4814}"
EndProject
Project("{FAE04EC0-301F-11D3-BF4B-00C04F79EFBC}") = "_07_按钮点击事件小练习", "_07_按钮点击事件小练习\_07_按钮点击事件小练习.csproj", "{2F347A8E-E207-40FF-8519-DC7B73C56240}"
EndProject
Project("{FAE04EC0-301F-11D3-BF4B-00C04F79EFBC}") = "_08_Label事件", "_08_Label事件\_08_Label事件.csproj", "{14CF6F27-EA9C-414E-B8A5-B26EF3A6E5DB}"
EndProject
Project("{FAE04EC0-301F-11D3-BF4B-00C04F79EFBC}") = "_09_简单记事本", "_09_简单记事本\_09_简单记事本.csproj", "{C674C2CE-8EDD-4569-8A28-04FE195F098C}"
EndProject
Project("{FAE04EC0-301F-11D3-BF4B-00C04F79EFBC}") = "_10_写入当前时间", "_10_写入当前时间\_10_写入当前时间.csproj", "{02C7ADE6-E2FB-4BFC-9874-BC3EC9E961C0}"
EndProject
Project("{FAE04EC0-301F-11D3-BF4B-00C04F79EFBC}") = "_11_Timer组件", "_11_Timer组件\_11_Timer组件.csproj", "{08C0BE0F-7AC4-405F-8950-CB9CDFA8662D}"
EndProject
Project("{FAE04EC0-301F-11D3-BF4B-00C04F79EFBC}") = "_11_跑马灯小玩意", "_11_跑马灯小玩意\_11_跑马灯小玩意.csproj", "{93CE967C-39D2-4905-97D7-374FA366DB3B}"
EndProject
Project("{FAE04EC0-301F-11D3-BF4B-00C04F79EFBC}") = "_12_单选按钮", "_12_单选按钮\_12_单选按钮.csproj", "{D3918C91-95DF-4DEC-AD33-BF945F026D4F}"
EndProject
Project("{FAE04EC0-301F-11D3-BF4B-00C04F79EFBC}") = "_学生Or老师", "_学生Or老师\_学生Or老师.csproj", "{C4A7CF75-8854-495D-A256-E8490012D6D6}"
EndProject
Project("{FAE04EC0-301F-11D3-BF4B-00C04F79EFBC}") = "_14_窗体抖动", "_14_窗体抖动\_14_窗体抖动.csproj", "{3A98CFDE-15B3-405C-8298-20CB5DD4F9FB}"
EndProject
Project("{FAE04EC0-301F-11D3-BF4B-00C04F79EFBC}") = "_15_多个窗体", "_15_多个窗体\_15_多个窗体.csproj", "{4901B528-5CE5-4F14-8DB7-AE2C130BFFF4}"
EndProject
Project("{FAE04EC0-301F-11D3-BF4B-00C04F79EFBC}") = "_16_图片控件", "_16_图片控件\_16_图片控件.csproj", "{C33DD3EE-BDBF-4A92-A351-1C27C212C667}"
EndProject
Project("{FAE04EC0-301F-11D3-BF4B-00C04F79EFBC}") = "_17_实时输入", "_17_实时输入\_17_实时输入.csproj", "{239BB0F7-497E-460E-A0E5-B81856C0C698}"
EndProject
Project("{FAE04EC0-301F-11D3-BF4B-00C04F79EFBC}") = "_18_doYouLoveMe", "_18_doYouLoveMe\_18_doYouLoveMe.csproj", "{C0D7C5CC-FA47-40BA-B77C-BC9FB61A4B2A}"
EndProject
Project("{FAE04EC0-301F-11D3-BF4B-00C04F79EFBC}") = "_20_picture", "_20_picture\_20_picture.csproj", "{8C89F504-2EF4-4CF1-BCA2-DD116B677F39}"
EndProject
Project("{FAE04EC0-301F-11D3-BF4B-00C04F79EFBC}") = "_21_点击查看图片", "_21_点击查看图片\_21_点击查看图片.csproj", "{A1E80377-6B38-4D23-832B-D5C876B2833F}"
EndProject
Project("{FAE04EC0-301F-11D3-BF4B-00C04F79EFBC}") = "_22_下拉框", "_22_下拉框\_22_下拉框.csproj", "{8251AE19-A47C-4E56-9B22-7E7E817288BF}"
EndProject
Project("{FAE04EC0-301F-11D3-BF4B-00C04F79EFBC}") = "_23_日期选择器", "_23_日期选择器\_23_日期选择器.csproj", "{DF16AFE6-1EAB-4C83-BED6-F1A90F4A5DC9}"
EndProject
Project("{FAE04EC0-301F-11D3-BF4B-00C04F79EFBC}") = "_24_TreeView控件", "_24_TreeView控件\_24_TreeView控件.csproj", "{4713DA7E-1EFE-4535-BE80-37CA831B5493}"
EndProject
Project("{FAE04EC0-301F-11D3-BF4B-00C04F79EFBC}") = "_25_ListBox控件", "_25_ListBox控件\_25_ListBox控件.csproj", "{6B727A8B-3843-436E-9C35-24E72998368F}"
EndProject
Project("{FAE04EC0-301F-11D3-BF4B-00C04F79EFBC}") = "_26_双击播放音乐_上一曲_下一曲", "_26_双击播放音乐_上一曲_下一曲\_26_双击播放音乐_上一曲_下一曲.csproj", "{C9CE5C20-0A3C-4C0B-85D1-91AADBEF6CA5}"
EndProject
Project("{FAE04EC0-301F-11D3-BF4B-00C04F79EFBC}") = "_27_打开对话框", "_27_打开对话框\_27_打开对话框.csproj", "{F5E257A3-D8F5-47BA-BE7B-5FC7DEC31DA3}"
EndProject
Project("{FAE04EC0-301F-11D3-BF4B-00C04F79EFBC}") = "_28_打开对话框练习", "_28_打开对话框练习\_28_打开对话框练习.csproj", "{62E96004-2D8E-4591-B007-AC3774A67E8D}"
EndProject
Project("{FAE04EC0-301F-11D3-BF4B-00C04F79EFBC}") = "_29_保存对话框", "_29_保存对话框\_29_保存对话框.csproj", "{3243A0EC-5A69-44B0-A0C9-C890BCCB0922}"
EndProject
Project("{FAE04EC0-301F-11D3-BF4B-00C04F79EFBC}") = "_30_记事本", "_30_记事本\_30_记事本.csproj", "{7CAAB105-0AA6-4AA8-B518-2F45509AA889}"
EndProject
Project("{FAE04EC0-301F-11D3-BF4B-00C04F79EFBC}") = "_31_播放器", "_31_播放器\_31_播放器.csproj", "{0ACA262F-CD50-4FDD-BEC0-96F2DEB32BAF}"
EndProject
Project("{FAE04EC0-301F-11D3-BF4B-00C04F79EFBC}") = "_32_myDemo01", "_32_myDemo01\_32_myDemo01.csproj", "{DB3B1132-F86A-4A2E-8116-9E3841DF26D0}"
EndProject
Global
	GlobalSection(SolutionConfigurationPlatforms) = preSolution
		Debug|Any CPU = Debug|Any CPU
		Release|Any CPU = Release|Any CPU
	EndGlobalSection
	GlobalSection(ProjectConfigurationPlatforms) = postSolution
		{C3300582-1F46-48A7-8910-1CF79BE398A7}.Debug|Any CPU.ActiveCfg = Debug|Any CPU
		{C3300582-1F46-48A7-8910-1CF79BE398A7}.Debug|Any CPU.Build.0 = Debug|Any CPU
		{C3300582-1F46-48A7-8910-1CF79BE398A7}.Release|Any CPU.ActiveCfg = Release|Any CPU
		{C3300582-1F46-48A7-8910-1CF79BE398A7}.Release|Any CPU.Build.0 = Release|Any CPU
		{27AA7A08-E376-49B3-9DD4-1EA3F5246395}.Debug|Any CPU.ActiveCfg = Debug|Any CPU
		{27AA7A08-E376-49B3-9DD4-1EA3F5246395}.Debug|Any CPU.Build.0 = Debug|Any CPU
		{27AA7A08-E376-49B3-9DD4-1EA3F5246395}.Release|Any CPU.ActiveCfg = Release|Any CPU
		{27AA7A08-E376-49B3-9DD4-1EA3F5246395}.Release|Any CPU.Build.0 = Release|Any CPU
		{841C6479-CFE3-491F-A566-F0A3A7A00879}.Debug|Any CPU.ActiveCfg = Debug|Any CPU
		{841C6479-CFE3-491F-A566-F0A3A7A00879}.Debug|Any CPU.Build.0 = Debug|Any CPU
		{841C6479-CFE3-491F-A566-F0A3A7A00879}.Release|Any CPU.ActiveCfg = Release|Any CPU
		{841C6479-CFE3-491F-A566-F0A3A7A00879}.Release|Any CPU.Build.0 = Release|Any CPU
		{44040A32-10BF-4C24-99CD-FFD090A6E427}.Debug|Any CPU.ActiveCfg = Debug|Any CPU
		{44040A32-10BF-4C24-99CD-FFD090A6E427}.Debug|Any CPU.Build.0 = Debug|Any CPU
		{44040A32-10BF-4C24-99CD-FFD090A6E427}.Release|Any CPU.ActiveCfg = Release|Any CPU
		{44040A32-10BF-4C24-99CD-FFD090A6E427}.Release|Any CPU.Build.0 = Release|Any CPU
		{F83CF5A7-C347-4A50-BD5F-A2854A2CDAB9}.Debug|Any CPU.ActiveCfg = Debug|Any CPU
		{F83CF5A7-C347-4A50-BD5F-A2854A2CDAB9}.Debug|Any CPU.Build.0 = Debug|Any CPU
		{F83CF5A7-C347-4A50-BD5F-A2854A2CDAB9}.Release|Any CPU.ActiveCfg = Release|Any CPU
		{F83CF5A7-C347-4A50-BD5F-A2854A2CDAB9}.Release|Any CPU.Build.0 = Release|Any CPU
		{2D3FEEF7-069E-4B50-A3F2-463129EF4814}.Debug|Any CPU.ActiveCfg = Debug|Any CPU
		{2D3FEEF7-069E-4B50-A3F2-463129EF4814}.Debug|Any CPU.Build.0 = Debug|Any CPU
		{2D3FEEF7-069E-4B50-A3F2-463129EF4814}.Release|Any CPU.ActiveCfg = Release|Any CPU
		{2D3FEEF7-069E-4B50-A3F2-463129EF4814}.Release|Any CPU.Build.0 = Release|Any CPU
		{2F347A8E-E207-40FF-8519-DC7B73C56240}.Debug|Any CPU.ActiveCfg = Debug|Any CPU
		{2F347A8E-E207-40FF-8519-DC7B73C56240}.Debug|Any CPU.Build.0 = Debug|Any CPU
		{2F347A8E-E207-40FF-8519-DC7B73C56240}.Release|Any CPU.ActiveCfg = Release|Any CPU
		{2F347A8E-E207-40FF-8519-DC7B73C56240}.Release|Any CPU.Build.0 = Release|Any CPU
		{14CF6F27-EA9C-414E-B8A5-B26EF3A6E5DB}.Debug|Any CPU.ActiveCfg = Debug|Any CPU
		{14CF6F27-EA9C-414E-B8A5-B26EF3A6E5DB}.Debug|Any CPU.Build.0 = Debug|Any CPU
		{14CF6F27-EA9C-414E-B8A5-B26EF3A6E5DB}.Release|Any CPU.ActiveCfg = Release|Any CPU
		{14CF6F27-EA9C-414E-B8A5-B26EF3A6E5DB}.Release|Any CPU.Build.0 = Release|Any CPU
		{C674C2CE-8EDD-4569-8A28-04FE195F098C}.Debug|Any CPU.ActiveCfg = Debug|Any CPU
		{C674C2CE-8EDD-4569-8A28-04FE195F098C}.Debug|Any CPU.Build.0 = Debug|Any CPU
		{C674C2CE-8EDD-4569-8A28-04FE195F098C}.Release|Any CPU.ActiveCfg = Release|Any CPU
		{C674C2CE-8EDD-4569-8A28-04FE195F098C}.Release|Any CPU.Build.0 = Release|Any CPU
		{02C7ADE6-E2FB-4BFC-9874-BC3EC9E961C0}.Debug|Any CPU.ActiveCfg = Debug|Any CPU
		{02C7ADE6-E2FB-4BFC-9874-BC3EC9E961C0}.Debug|Any CPU.Build.0 = Debug|Any CPU
		{02C7ADE6-E2FB-4BFC-9874-BC3EC9E961C0}.Release|Any CPU.ActiveCfg = Release|Any CPU
		{02C7ADE6-E2FB-4BFC-9874-BC3EC9E961C0}.Release|Any CPU.Build.0 = Release|Any CPU
		{08C0BE0F-7AC4-405F-8950-CB9CDFA8662D}.Debug|Any CPU.ActiveCfg = Debug|Any CPU
		{08C0BE0F-7AC4-405F-8950-CB9CDFA8662D}.Debug|Any CPU.Build.0 = Debug|Any CPU
		{08C0BE0F-7AC4-405F-8950-CB9CDFA8662D}.Release|Any CPU.ActiveCfg = Release|Any CPU
		{08C0BE0F-7AC4-405F-8950-CB9CDFA8662D}.Release|Any CPU.Build.0 = Release|Any CPU
		{93CE967C-39D2-4905-97D7-374FA366DB3B}.Debug|Any CPU.ActiveCfg = Debug|Any CPU
		{93CE967C-39D2-4905-97D7-374FA366DB3B}.Debug|Any CPU.Build.0 = Debug|Any CPU
		{93CE967C-39D2-4905-97D7-374FA366DB3B}.Release|Any CPU.ActiveCfg = Release|Any CPU
		{93CE967C-39D2-4905-97D7-374FA366DB3B}.Release|Any CPU.Build.0 = Release|Any CPU
		{D3918C91-95DF-4DEC-AD33-BF945F026D4F}.Debug|Any CPU.ActiveCfg = Debug|Any CPU
		{D3918C91-95DF-4DEC-AD33-BF945F026D4F}.Debug|Any CPU.Build.0 = Debug|Any CPU
		{D3918C91-95DF-4DEC-AD33-BF945F026D4F}.Release|Any CPU.ActiveCfg = Release|Any CPU
		{D3918C91-95DF-4DEC-AD33-BF945F026D4F}.Release|Any CPU.Build.0 = Release|Any CPU
		{C4A7CF75-8854-495D-A256-E8490012D6D6}.Debug|Any CPU.ActiveCfg = Debug|Any CPU
		{C4A7CF75-8854-495D-A256-E8490012D6D6}.Debug|Any CPU.Build.0 = Debug|Any CPU
		{C4A7CF75-8854-495D-A256-E8490012D6D6}.Release|Any CPU.ActiveCfg = Release|Any CPU
		{C4A7CF75-8854-495D-A256-E8490012D6D6}.Release|Any CPU.Build.0 = Release|Any CPU
		{3A98CFDE-15B3-405C-8298-20CB5DD4F9FB}.Debug|Any CPU.ActiveCfg = Debug|Any CPU
		{3A98CFDE-15B3-405C-8298-20CB5DD4F9FB}.Debug|Any CPU.Build.0 = Debug|Any CPU
		{3A98CFDE-15B3-405C-8298-20CB5DD4F9FB}.Release|Any CPU.ActiveCfg = Release|Any CPU
		{3A98CFDE-15B3-405C-8298-20CB5DD4F9FB}.Release|Any CPU.Build.0 = Release|Any CPU
		{4901B528-5CE5-4F14-8DB7-AE2C130BFFF4}.Debug|Any CPU.ActiveCfg = Debug|Any CPU
		{4901B528-5CE5-4F14-8DB7-AE2C130BFFF4}.Debug|Any CPU.Build.0 = Debug|Any CPU
		{4901B528-5CE5-4F14-8DB7-AE2C130BFFF4}.Release|Any CPU.ActiveCfg = Release|Any CPU
		{4901B528-5CE5-4F14-8DB7-AE2C130BFFF4}.Release|Any CPU.Build.0 = Release|Any CPU
		{C33DD3EE-BDBF-4A92-A351-1C27C212C667}.Debug|Any CPU.ActiveCfg = Debug|Any CPU
		{C33DD3EE-BDBF-4A92-A351-1C27C212C667}.Debug|Any CPU.Build.0 = Debug|Any CPU
		{C33DD3EE-BDBF-4A92-A351-1C27C212C667}.Release|Any CPU.ActiveCfg = Release|Any CPU
		{C33DD3EE-BDBF-4A92-A351-1C27C212C667}.Release|Any CPU.Build.0 = Release|Any CPU
		{239BB0F7-497E-460E-A0E5-B81856C0C698}.Debug|Any CPU.ActiveCfg = Debug|Any CPU
		{239BB0F7-497E-460E-A0E5-B81856C0C698}.Debug|Any CPU.Build.0 = Debug|Any CPU
		{239BB0F7-497E-460E-A0E5-B81856C0C698}.Release|Any CPU.ActiveCfg = Release|Any CPU
		{239BB0F7-497E-460E-A0E5-B81856C0C698}.Release|Any CPU.Build.0 = Release|Any CPU
		{C0D7C5CC-FA47-40BA-B77C-BC9FB61A4B2A}.Debug|Any CPU.ActiveCfg = Debug|Any CPU
		{C0D7C5CC-FA47-40BA-B77C-BC9FB61A4B2A}.Debug|Any CPU.Build.0 = Debug|Any CPU
		{C0D7C5CC-FA47-40BA-B77C-BC9FB61A4B2A}.Release|Any CPU.ActiveCfg = Release|Any CPU
		{C0D7C5CC-FA47-40BA-B77C-BC9FB61A4B2A}.Release|Any CPU.Build.0 = Release|Any CPU
		{8C89F504-2EF4-4CF1-BCA2-DD116B677F39}.Debug|Any CPU.ActiveCfg = Debug|Any CPU
		{8C89F504-2EF4-4CF1-BCA2-DD116B677F39}.Debug|Any CPU.Build.0 = Debug|Any CPU
		{8C89F504-2EF4-4CF1-BCA2-DD116B677F39}.Release|Any CPU.ActiveCfg = Release|Any CPU
		{8C89F504-2EF4-4CF1-BCA2-DD116B677F39}.Release|Any CPU.Build.0 = Release|Any CPU
		{A1E80377-6B38-4D23-832B-D5C876B2833F}.Debug|Any CPU.ActiveCfg = Debug|Any CPU
		{A1E80377-6B38-4D23-832B-D5C876B2833F}.Debug|Any CPU.Build.0 = Debug|Any CPU
		{A1E80377-6B38-4D23-832B-D5C876B2833F}.Release|Any CPU.ActiveCfg = Release|Any CPU
		{A1E80377-6B38-4D23-832B-D5C876B2833F}.Release|Any CPU.Build.0 = Release|Any CPU
		{8251AE19-A47C-4E56-9B22-7E7E817288BF}.Debug|Any CPU.ActiveCfg = Debug|Any CPU
		{8251AE19-A47C-4E56-9B22-7E7E817288BF}.Debug|Any CPU.Build.0 = Debug|Any CPU
		{8251AE19-A47C-4E56-9B22-7E7E817288BF}.Release|Any CPU.ActiveCfg = Release|Any CPU
		{8251AE19-A47C-4E56-9B22-7E7E817288BF}.Release|Any CPU.Build.0 = Release|Any CPU
		{DF16AFE6-1EAB-4C83-BED6-F1A90F4A5DC9}.Debug|Any CPU.ActiveCfg = Debug|Any CPU
		{DF16AFE6-1EAB-4C83-BED6-F1A90F4A5DC9}.Debug|Any CPU.Build.0 = Debug|Any CPU
		{DF16AFE6-1EAB-4C83-BED6-F1A90F4A5DC9}.Release|Any CPU.ActiveCfg = Release|Any CPU
		{DF16AFE6-1EAB-4C83-BED6-F1A90F4A5DC9}.Release|Any CPU.Build.0 = Release|Any CPU
		{4713DA7E-1EFE-4535-BE80-37CA831B5493}.Debug|Any CPU.ActiveCfg = Debug|Any CPU
		{4713DA7E-1EFE-4535-BE80-37CA831B5493}.Debug|Any CPU.Build.0 = Debug|Any CPU
		{4713DA7E-1EFE-4535-BE80-37CA831B5493}.Release|Any CPU.ActiveCfg = Release|Any CPU
		{4713DA7E-1EFE-4535-BE80-37CA831B5493}.Release|Any CPU.Build.0 = Release|Any CPU
		{6B727A8B-3843-436E-9C35-24E72998368F}.Debug|Any CPU.ActiveCfg = Debug|Any CPU
		{6B727A8B-3843-436E-9C35-24E72998368F}.Debug|Any CPU.Build.0 = Debug|Any CPU
		{6B727A8B-3843-436E-9C35-24E72998368F}.Release|Any CPU.ActiveCfg = Release|Any CPU
		{6B727A8B-3843-436E-9C35-24E72998368F}.Release|Any CPU.Build.0 = Release|Any CPU
		{C9CE5C20-0A3C-4C0B-85D1-91AADBEF6CA5}.Debug|Any CPU.ActiveCfg = Debug|Any CPU
		{C9CE5C20-0A3C-4C0B-85D1-91AADBEF6CA5}.Debug|Any CPU.Build.0 = Debug|Any CPU
		{C9CE5C20-0A3C-4C0B-85D1-91AADBEF6CA5}.Release|Any CPU.ActiveCfg = Release|Any CPU
		{C9CE5C20-0A3C-4C0B-85D1-91AADBEF6CA5}.Release|Any CPU.Build.0 = Release|Any CPU
		{F5E257A3-D8F5-47BA-BE7B-5FC7DEC31DA3}.Debug|Any CPU.ActiveCfg = Debug|Any CPU
		{F5E257A3-D8F5-47BA-BE7B-5FC7DEC31DA3}.Debug|Any CPU.Build.0 = Debug|Any CPU
		{F5E257A3-D8F5-47BA-BE7B-5FC7DEC31DA3}.Release|Any CPU.ActiveCfg = Release|Any CPU
		{F5E257A3-D8F5-47BA-BE7B-5FC7DEC31DA3}.Release|Any CPU.Build.0 = Release|Any CPU
		{62E96004-2D8E-4591-B007-AC3774A67E8D}.Debug|Any CPU.ActiveCfg = Debug|Any CPU
		{62E96004-2D8E-4591-B007-AC3774A67E8D}.Debug|Any CPU.Build.0 = Debug|Any CPU
		{62E96004-2D8E-4591-B007-AC3774A67E8D}.Release|Any CPU.ActiveCfg = Release|Any CPU
		{62E96004-2D8E-4591-B007-AC3774A67E8D}.Release|Any CPU.Build.0 = Release|Any CPU
		{3243A0EC-5A69-44B0-A0C9-C890BCCB0922}.Debug|Any CPU.ActiveCfg = Debug|Any CPU
		{3243A0EC-5A69-44B0-A0C9-C890BCCB0922}.Debug|Any CPU.Build.0 = Debug|Any CPU
		{3243A0EC-5A69-44B0-A0C9-C890BCCB0922}.Release|Any CPU.ActiveCfg = Release|Any CPU
		{3243A0EC-5A69-44B0-A0C9-C890BCCB0922}.Release|Any CPU.Build.0 = Release|Any CPU
		{7CAAB105-0AA6-4AA8-B518-2F45509AA889}.Debug|Any CPU.ActiveCfg = Debug|Any CPU
		{7CAAB105-0AA6-4AA8-B518-2F45509AA889}.Debug|Any CPU.Build.0 = Debug|Any CPU
		{7CAAB105-0AA6-4AA8-B518-2F45509AA889}.Release|Any CPU.ActiveCfg = Release|Any CPU
		{7CAAB105-0AA6-4AA8-B518-2F45509AA889}.Release|Any CPU.Build.0 = Release|Any CPU
		{0ACA262F-CD50-4FDD-BEC0-96F2DEB32BAF}.Debug|Any CPU.ActiveCfg = Debug|Any CPU
		{0ACA262F-CD50-4FDD-BEC0-96F2DEB32BAF}.Debug|Any CPU.Build.0 = Debug|Any CPU
		{0ACA262F-CD50-4FDD-BEC0-96F2DEB32BAF}.Release|Any CPU.ActiveCfg = Release|Any CPU
		{0ACA262F-CD50-4FDD-BEC0-96F2DEB32BAF}.Release|Any CPU.Build.0 = Release|Any CPU
		{DB3B1132-F86A-4A2E-8116-9E3841DF26D0}.Debug|Any CPU.ActiveCfg = Debug|Any CPU
		{DB3B1132-F86A-4A2E-8116-9E3841DF26D0}.Debug|Any CPU.Build.0 = Debug|Any CPU
		{DB3B1132-F86A-4A2E-8116-9E3841DF26D0}.Release|Any CPU.ActiveCfg = Release|Any CPU
		{DB3B1132-F86A-4A2E-8116-9E3841DF26D0}.Release|Any CPU.Build.0 = Release|Any CPU
	EndGlobalSection
	GlobalSection(SolutionProperties) = preSolution
		HideSolutionNode = FALSE
	EndGlobalSection
	GlobalSection(ExtensibilityGlobals) = postSolution
		SolutionGuid = {9C5B8995-E31E-4D8B-BF2F-37DCC630AC5A}
	EndGlobalSection
EndGlobal
